
Microsoft Visual Studio Solution File, Format Version 12.00
# Visual Studio Version 17
VisualStudioVersion = 17.3.32901.215
MinimumVisualStudioVersion = 10.0.40219.1
Project("{FAE04EC0-301F-11D3-BF4B-00C04F79EFBC}") = "CipherCesar", "CipherCesar.csproj", "{9042391F-7B6D-4C2E-BF38-461BE84ED2EB}"
EndProject
Global
	GlobalSection(SolutionConfigurationPlatforms) = preSolution
		Debug|Any CPU = Debug|Any CPU
		Release|Any CPU = Release|Any CPU
	EndGlobalSection
	GlobalSection(ProjectConfigurationPlatforms) = postSolution
		{9042391F-7B6D-4C2E-BF38-461BE84ED2EB}.Debug|Any CPU.ActiveCfg = Debug|Any CPU
		{9042391F-7B6D-4C2E-BF38-461BE84ED2EB}.Debug|Any CPU.Build.0 = Debug|Any CPU
		{9042391F-7B6D-4C2E-BF38-461BE84ED2EB}.Release|Any CPU.ActiveCfg = Release|Any CPU
		{9042391F-7B6D-4C2E-BF38-461BE84ED2EB}.Release|Any CPU.Build.0 = Release|Any CPU
	EndGlobalSection
	GlobalSection(SolutionProperties) = preSolution
		HideSolutionNode = FALSE
	EndGlobalSection
	GlobalSection(ExtensibilityGlobals) = postSolution
		SolutionGuid = {64BBEC1D-CE88-4ACD-A6D2-4F6916D1D733}
	EndGlobalSection
EndGlobal
